Microsoft Visual Studio Solution File, Format Version 12.00
# Visual Studio 14
VisualStudioVersion = 14.0.25420.1
MinimumVisualStudioVersion = 10.0.40219.1
Project("{FAE04EC0-301F-11D3-BF4B-00C04F79EFBC}") = "FirebirdStudios", "FirebirdStudios\FirebirdStudios.csproj", "{498C49F4-F1F6-4BCE-ADB1-4DEC5CAA2F59}"
EndProject
Project("{FAE04EC0-301F-11D3-BF4B-00C04F79EFBC}") = "FirebirdStudios.iOS", "iOS\FirebirdStudios.iOS.csproj", "{910BCEE4-7EE4-4E19-BF90-2F81D95EC997}"
EndProject
Project("{FAE04EC0-301F-11D3-BF4B-00C04F79EFBC}") = "FirebirdStudios.Droid", "Droid\FirebirdStudios.Droid.csproj", "{C2E317DD-624B-4EFC-9092-DFD3DB471053}"
EndProject
Global
	GlobalSection(SolutionConfigurationPlatforms) = preSolution
		Debug|Any CPU = Debug|Any CPU
		Debug|iPhone = Debug|iPhone
		Debug|iPhoneSimulator = Debug|iPhoneSimulator
		Release|Any CPU = Release|Any CPU
		Release|iPhone = Release|iPhone
		Release|iPhoneSimulator = Release|iPhoneSimulator
	EndGlobalSection
	GlobalSection(ProjectConfigurationPlatforms) = postSolution
		{498C49F4-F1F6-4BCE-ADB1-4DEC5CAA2F59}.Debug|Any CPU.ActiveCfg = Debug|Any CPU
		{498C49F4-F1F6-4BCE-ADB1-4DEC5CAA2F59}.Debug|Any CPU.Build.0 = Debug|Any CPU
		{498C49F4-F1F6-4BCE-ADB1-4DEC5CAA2F59}.Debug|iPhone.ActiveCfg = Debug|Any CPU
		{498C49F4-F1F6-4BCE-ADB1-4DEC5CAA2F59}.Debug|iPhone.Build.0 = Debug|Any CPU
		{498C49F4-F1F6-4BCE-ADB1-4DEC5CAA2F59}.Debug|iPhoneSimulator.ActiveCfg = Debug|Any CPU
		{498C49F4-F1F6-4BCE-ADB1-4DEC5CAA2F59}.Debug|iPhoneSimulator.Build.0 = Debug|Any CPU
		{498C49F4-F1F6-4BCE-ADB1-4DEC5CAA2F59}.Release|Any CPU.ActiveCfg = Release|Any CPU
		{498C49F4-F1F6-4BCE-ADB1-4DEC5CAA2F59}.Release|Any CPU.Build.0 = Release|Any CPU
		{498C49F4-F1F6-4BCE-ADB1-4DEC5CAA2F59}.Release|iPhone.ActiveCfg = Release|Any CPU
		{498C49F4-F1F6-4BCE-ADB1-4DEC5CAA2F59}.Release|iPhone.Build.0 = Release|Any CPU
		{498C49F4-F1F6-4BCE-ADB1-4DEC5CAA2F59}.Release|iPhoneSimulator.ActiveCfg = Release|Any CPU
		{498C49F4-F1F6-4BCE-ADB1-4DEC5CAA2F59}.Release|iPhoneSimulator.Build.0 = Release|Any CPU
		{910BCEE4-7EE4-4E19-BF90-2F81D95EC997}.Debug|Any CPU.ActiveCfg = Debug|iPhoneSimulator
		{910BCEE4-7EE4-4E19-BF90-2F81D95EC997}.Debug|Any CPU.Build.0 = Debug|iPhoneSimulator
		{910BCEE4-7EE4-4E19-BF90-2F81D95EC997}.Debug|iPhone.ActiveCfg = Debug|iPhone
		{910BCEE4-7EE4-4E19-BF90-2F81D95EC997}.Debug|iPhone.Build.0 = Debug|iPhone
		{910BCEE4-7EE4-4E19-BF90-2F81D95EC997}.Debug|iPhoneSimulator.ActiveCfg = Debug|iPhoneSimulator
		{910BCEE4-7EE4-4E19-BF90-2F81D95EC997}.Debug|iPhoneSimulator.Build.0 = Debug|iPhoneSimulator
		{910BCEE4-7EE4-4E19-BF90-2F81D95EC997}.Release|Any CPU.ActiveCfg = Release|iPhone
		{910BCEE4-7EE4-4E19-BF90-2F81D95EC997}.Release|Any CPU.Build.0 = Release|iPhone
		{910BCEE4-7EE4-4E19-BF90-2F81D95EC997}.Release|iPhone.ActiveCfg = Release|iPhone
		{910BCEE4-7EE4-4E19-BF90-2F81D95EC997}.Release|iPhone.Build.0 = Release|iPhone
		{910BCEE4-7EE4-4E19-BF90-2F81D95EC997}.Release|iPhoneSimulator.ActiveCfg = Release|iPhoneSimulator
		{910BCEE4-7EE4-4E19-BF90-2F81D95EC997}.Release|iPhoneSimulator.Build.0 = Release|iPhoneSimulator
		{C2E317DD-624B-4EFC-9092-DFD3DB471053}.Debug|Any CPU.ActiveCfg = Debug|Any CPU
		{C2E317DD-624B-4EFC-9092-DFD3DB471053}.Debug|Any CPU.Build.0 = Debug|Any CPU
		{C2E317DD-624B-4EFC-9092-DFD3DB471053}.Debug|Any CPU.Deploy.0 = Debug|Any CPU
		{C2E317DD-624B-4EFC-9092-DFD3DB471053}.Debug|iPhone.ActiveCfg = Debug|Any CPU
		{C2E317DD-624B-4EFC-9092-DFD3DB471053}.Debug|iPhone.Build.0 = Debug|Any CPU
		{C2E317DD-624B-4EFC-9092-DFD3DB471053}.Debug|iPhoneSimulator.ActiveCfg = Debug|Any CPU
		{C2E317DD-624B-4EFC-9092-DFD3DB471053}.Debug|iPhoneSimulator.Build.0 = Debug|Any CPU
		{C2E317DD-624B-4EFC-9092-DFD3DB471053}.Release|Any CPU.ActiveCfg = Release|Any CPU
		{C2E317DD-624B-4EFC-9092-DFD3DB471053}.Release|Any CPU.Build.0 = Release|Any CPU
		{C2E317DD-624B-4EFC-9092-DFD3DB471053}.Release|iPhone.ActiveCfg = Release|Any CPU
		{C2E317DD-624B-4EFC-9092-DFD3DB471053}.Release|iPhone.Build.0 = Release|Any CPU
		{C2E317DD-624B-4EFC-9092-DFD3DB471053}.Release|iPhoneSimulator.ActiveCfg = Release|Any CPU
		{C2E317DD-624B-4EFC-9092-DFD3DB471053}.Release|iPhoneSimulator.Build.0 = Release|Any CPU
	EndGlobalSection
	GlobalSection(SolutionProperties) = preSolution
		HideSolutionNode = FALSE
	EndGlobalSection
EndGlobal
